
Microsoft Visual Studio Solution File, Format Version 12.00
# Visual Studio Version 17
VisualStudioVersion = 17.8.34322.80
MinimumVisualStudioVersion = 10.0.40219.1
Project("{FAE04EC0-301F-11D3-BF4B-00C04F79EFBC}") = "YoungFit.DAL", "YoungFit.DAL\YoungFit.DAL.csproj", "{26E3863E-EDA2-4287-B331-9C09CECC65E2}"
EndProject
Project("{FAE04EC0-301F-11D3-BF4B-00C04F79EFBC}") = "YoungFit.BL", "YoungFit.BL\YoungFit.BL.csproj", "{80999C4B-BDAD-4FCF-A848-915594F06B54}"
EndProject
Project("{FAE04EC0-301F-11D3-BF4B-00C04F79EFBC}") = "YoungFit.PL", "YoungFit.PL\YoungFit.PL.csproj", "{5CC8609D-B6E2-49EB-81A8-67E21846F17D}"
EndProject
Global
	GlobalSection(SolutionConfigurationPlatforms) = preSolution
		Debug|Any CPU = Debug|Any CPU
		Release|Any CPU = Release|Any CPU
	EndGlobalSection
	GlobalSection(ProjectConfigurationPlatforms) = postSolution
		{26E3863E-EDA2-4287-B331-9C09CECC65E2}.Debug|Any CPU.ActiveCfg = Debug|Any CPU
		{26E3863E-EDA2-4287-B331-9C09CECC65E2}.Debug|Any CPU.Build.0 = Debug|Any CPU
		{26E3863E-EDA2-4287-B331-9C09CECC65E2}.Release|Any CPU.ActiveCfg = Release|Any CPU
		{26E3863E-EDA2-4287-B331-9C09CECC65E2}.Release|Any CPU.Build.0 = Release|Any CPU
		{80999C4B-BDAD-4FCF-A848-915594F06B54}.Debug|Any CPU.ActiveCfg = Debug|Any CPU
		{80999C4B-BDAD-4FCF-A848-915594F06B54}.Debug|Any CPU.Build.0 = Debug|Any CPU
		{80999C4B-BDAD-4FCF-A848-915594F06B54}.Release|Any CPU.ActiveCfg = Release|Any CPU
		{80999C4B-BDAD-4FCF-A848-915594F06B54}.Release|Any CPU.Build.0 = Release|Any CPU
		{5CC8609D-B6E2-49EB-81A8-67E21846F17D}.Debug|Any CPU.ActiveCfg = Debug|Any CPU
		{5CC8609D-B6E2-49EB-81A8-67E21846F17D}.Debug|Any CPU.Build.0 = Debug|Any CPU
		{5CC8609D-B6E2-49EB-81A8-67E21846F17D}.Release|Any CPU.ActiveCfg = Release|Any CPU
		{5CC8609D-B6E2-49EB-81A8-67E21846F17D}.Release|Any CPU.Build.0 = Release|Any CPU
	EndGlobalSection
	GlobalSection(SolutionProperties) = preSolution
		HideSolutionNode = FALSE
	EndGlobalSection
	GlobalSection(ExtensibilityGlobals) = postSolution
		SolutionGuid = {9632ED1F-F814-4C79-A05C-942DCA918848}
	EndGlobalSection
EndGlobal
